{
  "name": "ConsoleApp",
  "version": "1.0.0",
  "lockfileVersion": 2,
  "requires": true,
  "packages": {
    "": {
      "name": "ConsoleApp",
      "version": "1.0.0",
      "dependencies": {
        "babylonjs": "^5.27.0",
        "babylonjs-loaders": "^5.27.0"
      }
    },
    "node_modules/babylonjs": {
      "version": "5.33.2",
      "resolved": "https://registry.npmjs.org/babylonjs/-/babylonjs-5.33.2.tgz",
      "integrity": "sha512-NB9DdNU4tG9uVvL2wansgfcMMLpJyX+OKAByC/5mHMkSCLWAE6TGuQWJvngiRmfLkkFmIXUZaes8rBVC92utQQ==",
      "hasInstallScript": true
    },
    "node_modules/babylonjs-gltf2interface": {
      "version": "5.33.2",
      "resolved": "https://registry.npmjs.org/babylonjs-gltf2interface/-/babylonjs-gltf2interface-5.33.2.tgz",
      "integrity": "sha512-84FX0knwNB90UJzmSfg9sEmPw/XbSl8G4hqQIwCQ2beOQMBAnCg5eRARWNG0Phq2GmimUm1v1lZrds+Cc7e2gg=="
    },
    "node_modules/babylonjs-loaders": {
      "version": "5.33.2",
      "resolved": "https://registry.npmjs.org/babylonjs-loaders/-/babylonjs-loaders-5.33.2.tgz",
      "integrity": "sha512-OY6K+cKGZ71WWOMxtkRVznPHi5EUeedGPez391bCUzxvnJT7+w36byrAoK46CeU8l1MkpjYU7UiwedbdPd3hdw==",
      "dependencies": {
        "babylonjs": "^5.33.2",
        "babylonjs-gltf2interface": "^5.33.2"
      }
    }
  },
  "dependencies": {
    "babylonjs": {
      "version": "5.33.2",
      "resolved": "https://registry.npmjs.org/babylonjs/-/babylonjs-5.33.2.tgz",
      "integrity": "sha512-NB9DdNU4tG9uVvL2wansgfcMMLpJyX+OKAByC/5mHMkSCLWAE6TGuQWJvngiRmfLkkFmIXUZaes8rBVC92utQQ=="
    },
    "babylonjs-gltf2interface": {
      "version": "5.33.2",
      "resolved": "https://registry.npmjs.org/babylonjs-gltf2interface/-/babylonjs-gltf2interface-5.33.2.tgz",
      "integrity": "sha512-84FX0knwNB90UJzmSfg9sEmPw/XbSl8G4hqQIwCQ2beOQMBAnCg5eRARWNG0Phq2GmimUm1v1lZrds+Cc7e2gg=="
    },
    "babylonjs-loaders": {
      "version": "5.33.2",
      "resolved": "https://registry.npmjs.org/babylonjs-loaders/-/babylonjs-loaders-5.33.2.tgz",
      "integrity": "sha512-OY6K+cKGZ71WWOMxtkRVznPHi5EUeedGPez391bCUzxvnJT7+w36byrAoK46CeU8l1MkpjYU7UiwedbdPd3hdw==",
      "requires": {
        "babylonjs": "^5.33.2",
        "babylonjs-gltf2interface": "^5.33.2"
      }
    }
  }
}
