{
  "name": "console-app",
  "version": "1.0.0",
  "lockfileVersion": 2,
  "requires": true,
  "packages": {
    "": {
      "name": "console-app",
      "version": "1.0.0",
      "dependencies": {
        "babylonjs": "^5.35.1",
        "babylonjs-loaders": "^5.35.1"
      }
    },
    "node_modules/babylonjs": {
      "version": "5.35.1",
      "resolved": "https://registry.npmjs.org/babylonjs/-/babylonjs-5.35.1.tgz",
      "integrity": "sha512-oNkKHRSv/qVIMwlfAb07Cg8ptF7bDZKJV4T7dfshI0Em2MTs/j8kWTntNd65kO8J3c/o92k+7cDxN15UYTyFew==",
      "hasInstallScript": true
    },
    "node_modules/babylonjs-gltf2interface": {
      "version": "5.35.1",
      "resolved": "https://registry.npmjs.org/babylonjs-gltf2interface/-/babylonjs-gltf2interface-5.35.1.tgz",
      "integrity": "sha512-bJe2Dv2K5PsbW5cLaOLpgJSGEEDj5M4etBUdQwZLC+hTpU/kPpQtKdfzCLPf1X7FwMFe0ZLpMZM+F+VnfAZNtw=="
    },
    "node_modules/babylonjs-loaders": {
      "version": "5.35.1",
      "resolved": "https://registry.npmjs.org/babylonjs-loaders/-/babylonjs-loaders-5.35.1.tgz",
      "integrity": "sha512-MW75klgPoizcv+bKVLY1Y7h3qk8Sji/wFC6ERgf3IjSV3OzQyNQ8avuWV/AatselOjYAhxgGwBL9KFnhyb1+lQ==",
      "dependencies": {
        "babylonjs": "^5.35.1",
        "babylonjs-gltf2interface": "^5.35.1"
      }
    }
  },
  "dependencies": {
    "babylonjs": {
      "version": "5.35.1",
      "resolved": "https://registry.npmjs.org/babylonjs/-/babylonjs-5.35.1.tgz",
      "integrity": "sha512-oNkKHRSv/qVIMwlfAb07Cg8ptF7bDZKJV4T7dfshI0Em2MTs/j8kWTntNd65kO8J3c/o92k+7cDxN15UYTyFew=="
    },
    "babylonjs-gltf2interface": {
      "version": "5.35.1",
      "resolved": "https://registry.npmjs.org/babylonjs-gltf2interface/-/babylonjs-gltf2interface-5.35.1.tgz",
      "integrity": "sha512-bJe2Dv2K5PsbW5cLaOLpgJSGEEDj5M4etBUdQwZLC+hTpU/kPpQtKdfzCLPf1X7FwMFe0ZLpMZM+F+VnfAZNtw=="
    },
    "babylonjs-loaders": {
      "version": "5.35.1",
      "resolved": "https://registry.npmjs.org/babylonjs-loaders/-/babylonjs-loaders-5.35.1.tgz",
      "integrity": "sha512-MW75klgPoizcv+bKVLY1Y7h3qk8Sji/wFC6ERgf3IjSV3OzQyNQ8avuWV/AatselOjYAhxgGwBL9KFnhyb1+lQ==",
      "requires": {
        "babylonjs": "^5.35.1",
        "babylonjs-gltf2interface": "^5.35.1"
      }
    }
  }
}
