{
  "name": "console-app",
  "version": "1.0.0",
  "lockfileVersion": 2,
  "requires": true,
  "packages": {
    "": {
      "name": "console-app",
      "version": "1.0.0",
      "dependencies": {
        "babylonjs": "^6.9.0",
        "babylonjs-loaders": "^6.9.0"
      }
    },
    "node_modules/babylonjs": {
      "version": "6.9.0",
      "resolved": "https://registry.npmjs.org/babylonjs/-/babylonjs-6.9.0.tgz",
      "integrity": "sha512-+nScb5evOFP7JHYPVbWg3z9porpQ3uNXALuSeMu2ppum47El0jIan9a5d8mhX+Od9DrlSK272Cc5VdhRSoB7Mw==",
      "hasInstallScript": true
    },
    "node_modules/babylonjs-gltf2interface": {
      "version": "6.9.0",
      "resolved": "https://registry.npmjs.org/babylonjs-gltf2interface/-/babylonjs-gltf2interface-6.9.0.tgz",
      "integrity": "sha512-RyXOadnFWVEE1xgJSWrsJS/KgC2E9rYMj+qhjq7NWCG/b6azVjIUoWUJrmZQx44LObaoC49dJexNuUSdPUyR9A=="
    },
    "node_modules/babylonjs-loaders": {
      "version": "6.9.0",
      "resolved": "https://registry.npmjs.org/babylonjs-loaders/-/babylonjs-loaders-6.9.0.tgz",
      "integrity": "sha512-erI/Y9ZQ3dBFTxy16IrKgrTaiIxG83Qpe72kMXPlGKpsdpKzzUmm/mgQA7O0kTQKdVJ+esLErYOAfEq/hx26Hg==",
      "dependencies": {
        "babylonjs": "^6.9.0",
        "babylonjs-gltf2interface": "^6.9.0"
      }
    }
  },
  "dependencies": {
    "babylonjs": {
      "version": "6.9.0",
      "resolved": "https://registry.npmjs.org/babylonjs/-/babylonjs-6.9.0.tgz",
      "integrity": "sha512-+nScb5evOFP7JHYPVbWg3z9porpQ3uNXALuSeMu2ppum47El0jIan9a5d8mhX+Od9DrlSK272Cc5VdhRSoB7Mw=="
    },
    "babylonjs-gltf2interface": {
      "version": "6.9.0",
      "resolved": "https://registry.npmjs.org/babylonjs-gltf2interface/-/babylonjs-gltf2interface-6.9.0.tgz",
      "integrity": "sha512-RyXOadnFWVEE1xgJSWrsJS/KgC2E9rYMj+qhjq7NWCG/b6azVjIUoWUJrmZQx44LObaoC49dJexNuUSdPUyR9A=="
    },
    "babylonjs-loaders": {
      "version": "6.9.0",
      "resolved": "https://registry.npmjs.org/babylonjs-loaders/-/babylonjs-loaders-6.9.0.tgz",
      "integrity": "sha512-erI/Y9ZQ3dBFTxy16IrKgrTaiIxG83Qpe72kMXPlGKpsdpKzzUmm/mgQA7O0kTQKdVJ+esLErYOAfEq/hx26Hg==",
      "requires": {
        "babylonjs": "^6.9.0",
        "babylonjs-gltf2interface": "^6.9.0"
      }
    }
  }
}
