{
  "name": "console-app",
  "version": "1.0.0",
  "lockfileVersion": 2,
  "requires": true,
  "packages": {
    "": {
      "name": "console-app",
      "version": "1.0.0",
      "dependencies": {
        "babylonjs": "^6.12.5",
        "babylonjs-loaders": "^6.12.5"
      }
    },
    "node_modules/babylonjs": {
      "version": "6.12.5",
      "resolved": "https://registry.npmjs.org/babylonjs/-/babylonjs-6.12.5.tgz",
      "integrity": "sha512-54/R54mGpG4g7OHBNjBl+gB9pZs7d9/TzYeU+KOUzWRFnKQwFllcPdKEocIw8uPYLRYtGm12Ggt53iX9KHSceg==",
      "hasInstallScript": true
    },
    "node_modules/babylonjs-gltf2interface": {
      "version": "6.12.5",
      "resolved": "https://registry.npmjs.org/babylonjs-gltf2interface/-/babylonjs-gltf2interface-6.12.5.tgz",
      "integrity": "sha512-QmYLF+2Nga+bL4qYSK4HQ4Wg4jTK9SV+F6v+GpCbKceXuel/Bcd6D2A9BjauT+2F4m1A9q0pFTVAFUZp2YBuuw=="
    },
    "node_modules/babylonjs-loaders": {
      "version": "6.12.5",
      "resolved": "https://registry.npmjs.org/babylonjs-loaders/-/babylonjs-loaders-6.12.5.tgz",
      "integrity": "sha512-Wq+/E17qmbSwRqVUE5eB4FcZJpJsJLa81dSfxRPkNaShL4oGvjab2UsGe3L8d2Wva79gkW7sQS3neb/AGNyJdQ==",
      "dependencies": {
        "babylonjs": "^6.12.5",
        "babylonjs-gltf2interface": "^6.12.5"
      }
    }
  },
  "dependencies": {
    "babylonjs": {
      "version": "6.12.5",
      "resolved": "https://registry.npmjs.org/babylonjs/-/babylonjs-6.12.5.tgz",
      "integrity": "sha512-54/R54mGpG4g7OHBNjBl+gB9pZs7d9/TzYeU+KOUzWRFnKQwFllcPdKEocIw8uPYLRYtGm12Ggt53iX9KHSceg=="
    },
    "babylonjs-gltf2interface": {
      "version": "6.12.5",
      "resolved": "https://registry.npmjs.org/babylonjs-gltf2interface/-/babylonjs-gltf2interface-6.12.5.tgz",
      "integrity": "sha512-QmYLF+2Nga+bL4qYSK4HQ4Wg4jTK9SV+F6v+GpCbKceXuel/Bcd6D2A9BjauT+2F4m1A9q0pFTVAFUZp2YBuuw=="
    },
    "babylonjs-loaders": {
      "version": "6.12.5",
      "resolved": "https://registry.npmjs.org/babylonjs-loaders/-/babylonjs-loaders-6.12.5.tgz",
      "integrity": "sha512-Wq+/E17qmbSwRqVUE5eB4FcZJpJsJLa81dSfxRPkNaShL4oGvjab2UsGe3L8d2Wva79gkW7sQS3neb/AGNyJdQ==",
      "requires": {
        "babylonjs": "^6.12.5",
        "babylonjs-gltf2interface": "^6.12.5"
      }
    }
  }
}
