{
  "name": "console-app",
  "version": "1.0.0",
  "lockfileVersion": 3,
  "requires": true,
  "packages": {
    "": {
      "name": "console-app",
      "version": "1.0.0",
      "dependencies": {
        "babylonjs": "^7.9.0",
        "babylonjs-loaders": "^7.9.0"
      }
    },
    "node_modules/babylonjs": {
      "version": "7.54.3",
      "resolved": "https://registry.npmjs.org/babylonjs/-/babylonjs-7.54.3.tgz",
      "integrity": "sha512-DFkTQhOavmr9sgnXnzHlxknUH6qhHqnDnWhjGnD87w9oqTP6Z/gOlC5anpReDgdi0CPFmXaKqhqQ1cA9GXJlug==",
      "hasInstallScript": true,
      "license": "Apache-2.0"
    },
    "node_modules/babylonjs-gltf2interface": {
      "version": "7.54.3",
      "resolved": "https://registry.npmjs.org/babylonjs-gltf2interface/-/babylonjs-gltf2interface-7.54.3.tgz",
      "integrity": "sha512-ZAWYFyE+SOczfWT19O4e3YRkCZ5i57SiD2eK2kqc+Tow/t9X1S45xgSFNuHZff++dd5BlVIEQDSnFV+McFLSnQ==",
      "license": "Apache-2.0"
    },
    "node_modules/babylonjs-loaders": {
      "version": "7.54.3",
      "resolved": "https://registry.npmjs.org/babylonjs-loaders/-/babylonjs-loaders-7.54.3.tgz",
      "integrity": "sha512-2irNiXHTHKpo7Od+f8GtNjuJpPB6VBH4cdkdQ105RyVkRqls2BF5i2dBHksJfd1jE2GV8NE99SUcmpbk7Dhiaw==",
      "license": "Apache-2.0",
      "dependencies": {
        "babylonjs": "^7.54.3",
        "babylonjs-gltf2interface": "^7.54.3"
      }
    }
  }
}
